// !$*UTF8*$!
{
	archiveVersion = 1;
	classes = {
	};
	objectVersion = 48;
	objects = {

/* Begin PBXBuildFile section */
		878757121F590F6B007800BA /* AppDelegate.swift in Sources */ = {isa = PBXBuildFile; fileRef = 878757111F590F6B007800BA /* AppDelegate.swift */; };
		878757141F590F6B007800BA /* ViewController.swift in Sources */ = {isa = PBXBuildFile; fileRef = 878757131F590F6B007800BA /* ViewController.swift */; };
		878757171F590F6B007800BA /* Main.storyboard in Resources */ = {isa = PBXBuildFile; fileRef = 878757151F590F6B007800BA /* Main.storyboard */; };
		878757191F590F6B007800BA /* Assets.xcassets in Resources */ = {isa = PBXBuildFile; fileRef = 878757181F590F6B007800BA /* Assets.xcassets */; };
		8787571C1F590F6B007800BA /* LaunchScreen.storyboard in Resources */ = {isa = PBXBuildFile; fileRef = 8787571A1F590F6B007800BA /* LaunchScreen.storyboard */; };
		878757241F590FDD007800BA /* UIImageView+handleTapBrower.swift in Sources */ = {isa = PBXBuildFile; fileRef = 878757231F590FDD007800BA /* UIImageView+handleTapBrower.swift */; };
/* End PBXBuildFile section */

/* Begin PBXFileReference section */
		8787570E1F590F6B007800BA /* LFLHeadimageBrowserDemo.app */ = {isa = PBXFileReference; explicitFileType = wrapper.application; includeInIndex = 0; path = LFLHeadimageBrowserDemo.app; sourceTree = BUILT_PRODUCTS_DIR; };
		878757111F590F6B007800BA /* AppDelegate.swift */ = {isa = PBXFileReference; lastKnownFileType = sourcecode.swift; path = AppDelegate.swift; sourceTree = "<group>"; };
		878757131F590F6B007800BA /* ViewController.swift */ = {isa = PBXFileReference; lastKnownFileType = sourcecode.swift; path = ViewController.swift; sourceTree = "<group>"; };
		878757161F590F6B007800BA /* Base */ = {isa = PBXFileReference; lastKnownFileType = file.storyboard; name = Base; path = Base.lproj/Main.storyboard; sourceTree = "<group>"; };
		878757181F590F6B007800BA /* Assets.xcassets */ = {isa = PBXFileReference; lastKnownFileType = folder.assetcatalog; path = Assets.xcassets; sourceTree = "<group>"; };
		8787571B1F590F6B007800BA /* Base */ = {isa = PBXFileReference; lastKnownFileType = file.storyboard; name = Base; path = Base.lproj/LaunchScreen.storyboard; sourceTree = "<group>"; };
		8787571D1F590F6B007800BA /* Info.plist */ = {isa = PBXFileReference; lastKnownFileType = text.plist.xml; path = Info.plist; sourceTree = "<group>"; };
		878757231F590FDD007800BA /* UIImageView+handleTapBrower.swift */ = {isa = PBXFileReference; lastKnownFileType = sourcecode.swift; path = "UIImageView+handleTapBrower.swift"; sourceTree = "<group>"; };
/* End PBXFileReference section */

/* Begin PBXFrameworksBuildPhase section */
		8787570B1F590F6B007800BA /* Frameworks */ = {
			isa = PBXFrameworksBuildPhase;
			buildActionMask = 2147483647;
			files = (
			);
			runOnlyForDeploymentPostprocessing = 0;
		};
/* End PBXFrameworksBuildPhase section */

/* Begin PBXGroup section */
		878757051F590F6B007800BA = {
			isa = PBXGroup;
			children = (
				878757101F590F6B007800BA /* LFLHeadimageBrowserDemo */,
				8787570F1F590F6B007800BA /* Products */,
			);
			sourceTree = "<group>";
		};
		8787570F1F590F6B007800BA /* Products */ = {
			isa = PBXGroup;
			children = (
				8787570E1F590F6B007800BA /* LFLHeadimageBrowserDemo.app */,
			);
			name = Products;
			sourceTree = "<group>";
		};
		878757101F590F6B007800BA /* LFLHeadimageBrowserDemo */ = {
			isa = PBXGroup;
			children = (
				878757111F590F6B007800BA /* AppDelegate.swift */,
				878757131F590F6B007800BA /* ViewController.swift */,
				878757231F590FDD007800BA /* UIImageView+handleTapBrower.swift */,
				878757151F590F6B007800BA /* Main.storyboard */,
				878757181F590F6B007800BA /* Assets.xcassets */,
				8787571A1F590F6B007800BA /* LaunchScreen.storyboard */,
				8787571D1F590F6B007800BA /* Info.plist */,
			);
			path = LFLHeadimageBrowserDemo;
			sourceTree = "<group>";
		};
/* End PBXGroup section */

/* Begin PBXNativeTarget section */
		8787570D1F590F6B007800BA /* LFLHeadimageBrowserDemo */ = {
			isa = PBXNativeTarget;
			buildConfigurationList = 878757201F590F6B007800BA /* Build configuration list for PBXNativeTarget "LFLHeadimageBrowserDemo" */;
			buildPhases = (
				8787570A1F590F6B007800BA /* Sources */,
				8787570B1F590F6B007800BA /* Frameworks */,
				8787570C1F590F6B007800BA /* Resources */,
			);
			buildRules = (
			);
			dependencies = (
			);
			name = LFLHeadimageBrowserDemo;
			productName = LFLHeadimageBrowserDemo;
			productReference = 8787570E1F590F6B007800BA /* LFLHeadimageBrowserDemo.app */;
			productType = "com.apple.product-type.application";
		};
/* End PBXNativeTarget section */

/* Begin PBXProject section */
		878757061F590F6B007800BA /* Project object */ = {
			isa = PBXProject;
			attributes = {
				LastSwiftUpdateCheck = 0900;
				LastUpgradeCheck = 1200;
				ORGANIZATIONNAME = "XiTu Inc";
				TargetAttributes = {
					8787570D1F590F6B007800BA = {
						CreatedOnToolsVersion = 9.0;
						LastSwiftMigration = 1160;
					};
				};
			};
			buildConfigurationList = 878757091F590F6B007800BA /* Build configuration list for PBXProject "LFLHeadimageBrowserDemo" */;
			compatibilityVersion = "Xcode 8.0";
			developmentRegion = en;
			hasScannedForEncodings = 0;
			knownRegions = (
				en,
				Base,
			);
			mainGroup = 878757051F590F6B007800BA;
			productRefGroup = 8787570F1F590F6B007800BA /* Products */;
			projectDirPath = "";
			projectRoot = "";
			targets = (
				8787570D1F590F6B007800BA /* LFLHeadimageBrowserDemo */,
			);
		};
/* End PBXProject section */

/* Begin PBXResourcesBuildPhase section */
		8787570C1F590F6B007800BA /* Resources */ = {
			isa = PBXResourcesBuildPhase;
			buildActionMask = 2147483647;
			files = (
				8787571C1F590F6B007800BA /* LaunchScreen.storyboard in Resources */,
				878757191F590F6B007800BA /* Assets.xcassets in Resources */,
				878757171F590F6B007800BA /* Main.storyboard in Resources */,
			);
			runOnlyForDeploymentPostprocessing = 0;
		};
/* End PBXResourcesBuildPhase section */

/* Begin PBXSourcesBuildPhase section */
		8787570A1F590F6B007800BA /* Sources */ = {
			isa = PBXSourcesBuildPhase;
			buildActionMask = 2147483647;
			files = (
				878757141F590F6B007800BA /* ViewController.swift in Sources */,
				878757241F590FDD007800BA /* UIImageView+handleTapBrower.swift in Sources */,
				878757121F590F6B007800BA /* AppDelegate.swift in Sources */,
			);
			runOnlyForDeploymentPostprocessing = 0;
		};
/* End PBXSourcesBuildPhase section */

/* Begin PBXVariantGroup section */
		878757151F590F6B007800BA /* Main.storyboard */ = {
			isa = PBXVariantGroup;
			children = (
				878757161F590F6B007800BA /* Base */,
			);
			name = Main.storyboard;
			sourceTree = "<group>";
		};
		8787571A1F590F6B007800BA /* LaunchScreen.storyboard */ = {
			isa = PBXVariantGroup;
			children = (
				8787571B1F590F6B007800BA /* Base */,
			);
			name = LaunchScreen.storyboard;
			sourceTree = "<group>";
		};
/* End PBXVariantGroup section */

/* Begin XCBuildConfiguration section */
		8787571E1F590F6B007800BA /* Debug */ = {
			isa = XCBuildConfiguration;
			buildSettings = {
				ALWAYS_SEARCH_USER_PATHS = NO;
				CLANG_ANALYZER_NONNULL = YES;
				CLANG_ANALYZER_NUMBER_OBJECT_CONVERSION = YES_AGGRESSIVE;
				CLANG_CXX_LANGUAGE_STANDARD = "gnu++14";
				CLANG_CXX_LIBRARY = "libc++";
				CLANG_ENABLE_MODULES = YES;
				CLANG_ENABLE_OBJC_ARC = YES;
				CLANG_WARN_BLOCK_CAPTURE_AUTORELEASING = YES;
				CLANG_WARN_BOOL_CONVERSION = YES;
				CLANG_WARN_COMMA = YES;
				CLANG_WARN_CONSTANT_CONVERSION = YES;
				CLANG_WARN_DEPRECATED_OBJC_IMPLEMENTATIONS = YES;
				CLANG_WARN_DIRECT_OBJC_ISA_USAGE = YES_ERROR;
				CLANG_WARN_DOCUMENTATION_COMMENTS = YES;
				CLANG_WARN_EMPTY_BODY = YES;
				CLANG_WARN_ENUM_CONVERSION = YES;
				CLANG_WARN_INFINITE_RECURSION = YES;
				CLANG_WARN_INT_CONVERSION = YES;
				CLANG_WARN_NON_LITERAL_NULL_CONVERSION = YES;
				CLANG_WARN_OBJC_IMPLICIT_RETAIN_SELF = YES;
				CLANG_WARN_OBJC_LITERAL_CONVERSION = YES;
				CLANG_WARN_OBJC_ROOT_CLASS = YES_ERROR;
				CLANG_WARN_QUOTED_INCLUDE_IN_FRAMEWORK_HEADER = YES;
				CLANG_WARN_RANGE_LOOP_ANALYSIS = YES;
				CLANG_WARN_STRICT_PROTOTYPES = YES;
				CLANG_WARN_SUSPICIOUS_MOVE = YES;
				CLANG_WARN_UNGUARDED_AVAILABILITY = YES_AGGRESSIVE;
				CLANG_WARN_UNREACHABLE_CODE = YES;
				CLANG_WARN__DUPLICATE_METHOD_MATCH = YES;
				CODE_SIGN_IDENTITY = "iPhone Developer";
				COPY_PHASE_STRIP = NO;
				DEBUG_INFORMATION_FORMAT = dwarf;
				ENABLE_STRICT_OBJC_MSGSEND = YES;
				ENABLE_TESTABILITY = YES;
				GCC_C_LANGUAGE_STANDARD = gnu11;
				GCC_DYNAMIC_NO_PIC = NO;
				GCC_NO_COMMON_BLOCKS = YES;
				GCC_OPTIMIZATION_LEVEL = 0;
				GCC_PREPROCESSOR_DEFINITIONS = (
					"DEBUG=1",
					"$(inherited)",
				);
				GCC_WARN_64_TO_32_BIT_CONVERSION = YES;
				GCC_WARN_ABOUT_RETURN_TYPE = YES_ERROR;
				GCC_WARN_UNDECLARED_SELECTOR = YES;
				GCC_WARN_UNINITIALIZED_AUTOS = YES_AGGRESSIVE;
				GCC_WARN_UNUSED_FUNCTION = YES;
				GCC_WARN_UNUSED_VARIABLE = YES;
				IPHONEOS_DEPLOYMENT_TARGET = 12.0;
				MTL_ENABLE_DEBUG_INFO = YES;
				ONLY_ACTIVE_ARCH = YES;
				SDKROOT = iphoneos;
				SWIFT_ACTIVE_COMPILATION_CONDITIONS = DEBUG;
				SWIFT_OPTIMIZATION_LEVEL = "-Onone";
			};
			name = Debug;
		};
		8787571F1F590F6B007800BA /* Release */ = {
			isa = XCBuildConfiguration;
			buildSettings = {
				ALWAYS_SEARCH_USER_PATHS = NO;
				CLANG_ANALYZER_NONNULL = YES;
				CLANG_ANALYZER_NUMBER_OBJECT_CONVERSION = YES_AGGRESSIVE;
				CLANG_CXX_LANGUAGE_STANDARD = "gnu++14";
				CLANG_CXX_LIBRARY = "libc++";
				CLANG_ENABLE_MODULES = YES;
				CLANG_ENABLE_OBJC_ARC = YES;
				CLANG_WARN_BLOCK_CAPTURE_AUTORELEASING = YES;
				CLANG_WARN_BOOL_CONVERSION = YES;
				CLANG_WARN_COMMA = YES;
				CLANG_WARN_CONSTANT_CONVERSION = YES;
				CLANG_WARN_DEPRECATED_OBJC_IMPLEMENTATIONS = YES;
				CLANG_WARN_DIRECT_OBJC_ISA_USAGE = YES_ERROR;
				CLANG_WARN_DOCUMENTATION_COMMENTS = YES;
				CLANG_WARN_EMPTY_BODY = YES;
				CLANG_WARN_ENUM_CONVERSION = YES;
				CLANG_WARN_INFINITE_RECURSION = YES;
				CLANG_WARN_INT_CONVERSION = YES;
				CLANG_WARN_NON_LITERAL_NULL_CONVERSION = YES;
				CLANG_WARN_OBJC_IMPLICIT_RETAIN_SELF = YES;
				CLANG_WARN_OBJC_LITERAL_CONVERSION = YES;
				CLANG_WARN_OBJC_ROOT_CLASS = YES_ERROR;
				CLANG_WARN_QUOTED_INCLUDE_IN_FRAMEWORK_HEADER = YES;
				CLANG_WARN_RANGE_LOOP_ANALYSIS = YES;
				CLANG_WARN_STRICT_PROTOTYPES = YES;
				CLANG_WARN_SUSPICIOUS_MOVE = YES;
				CLANG_WARN_UNGUARDED_AVAILABILITY = YES_AGGRESSIVE;
				CLANG_WARN_UNREACHABLE_CODE = YES;
				CLANG_WARN__DUPLICATE_METHOD_MATCH = YES;
				CODE_SIGN_IDENTITY = "iPhone Developer";
				COPY_PHASE_STRIP = NO;
				DEBUG_INFORMATION_FORMAT = "dwarf-with-dsym";
				ENABLE_NS_ASSERTIONS = NO;
				ENABLE_STRICT_OBJC_MSGSEND = YES;
				GCC_C_LANGUAGE_STANDARD = gnu11;
				GCC_NO_COMMON_BLOCKS = YES;
				GCC_WARN_64_TO_32_BIT_CONVERSION = YES;
				GCC_WARN_ABOUT_RETURN_TYPE = YES_ERROR;
				GCC_WARN_UNDECLARED_SELECTOR = YES;
				GCC_WARN_UNINITIALIZED_AUTOS = YES_AGGRESSIVE;
				GCC_WARN_UNUSED_FUNCTION = YES;
				GCC_WARN_UNUSED_VARIABLE = YES;
				IPHONEOS_DEPLOYMENT_TARGET = 12.0;
				MTL_ENABLE_DEBUG_INFO = NO;
				SDKROOT = iphoneos;
				SWIFT_OPTIMIZATION_LEVEL = "-Owholemodule";
				VALIDATE_PRODUCT = YES;
			};
			name = Release;
		};
		878757211F590F6B007800BA /* Debug */ = {
			isa = XCBuildConfiguration;
			buildSettings = {
				ASSETCATALOG_COMPILER_APPICON_NAME = AppIcon;
				DEVELOPMENT_TEAM = 56M37S52PQ;
				INFOPLIST_FILE = LFLHeadimageBrowserDemo/Info.plist;
				LD_RUNPATH_SEARCH_PATHS = "$(inherited) @executable_path/Frameworks";
				PRODUCT_BUNDLE_IDENTIFIER = juejin.im.LFLHeadimageBrowserDemo;
				PRODUCT_NAME = "$(TARGET_NAME)";
				SWIFT_VERSION = 5.0;
				TARGETED_DEVICE_FAMILY = "1,2";
			};
			name = Debug;
		};
		878757221F590F6B007800BA /* Release */ = {
			isa = XCBuildConfiguration;
			buildSettings = {
				ASSETCATALOG_COMPILER_APPICON_NAME = AppIcon;
				DEVELOPMENT_TEAM = 56M37S52PQ;
				INFOPLIST_FILE = LFLHeadimageBrowserDemo/Info.plist;
				LD_RUNPATH_SEARCH_PATHS = "$(inherited) @executable_path/Frameworks";
				PRODUCT_BUNDLE_IDENTIFIER = juejin.im.LFLHeadimageBrowserDemo;
				PRODUCT_NAME = "$(TARGET_NAME)";
				SWIFT_VERSION = 5.0;
				TARGETED_DEVICE_FAMILY = "1,2";
			};
			name = Release;
		};
/* End XCBuildConfiguration section */

/* Begin XCConfigurationList section */
		878757091F590F6B007800BA /* Build configuration list for PBXProject "LFLHeadimageBrowserDemo" */ = {
			isa = XCConfigurationList;
			buildConfigurations = (
				8787571E1F590F6B007800BA /* Debug */,
				8787571F1F590F6B007800BA /* Release */,
			);
			defaultConfigurationIsVisible = 0;
			defaultConfigurationName = Release;
		};
		878757201F590F6B007800BA /* Build configuration list for PBXNativeTarget "LFLHeadimageBrowserDemo" */ = {
			isa = XCConfigurationList;
			buildConfigurations = (
				878757211F590F6B007800BA /* Debug */,
				878757221F590F6B007800BA /* Release */,
			);
			defaultConfigurationIsVisible = 0;
			defaultConfigurationName = Release;
		};
/* End XCConfigurationList section */
	};
	rootObject = 878757061F590F6B007800BA /* Project object */;
}
